
Microsoft Visual Studio Solution File, Format Version 12.00
# Visual Studio 15
VisualStudioVersion = 15.0.28307.136
MinimumVisualStudioVersion = 10.0.40219.1
Project("{8BC9CEB8-8B4A-11D0-8D11-00A0C91BC942}") = "APP - SkookumScriptIDE", "SkookumScriptIDE\SkookumScriptIDE.vcxproj", "{5676D99C-9880-435F-9527-A8DE57D213D4}"
	ProjectSection(ProjectDependencies) = postProject
		{13FA5E38-A8C5-4460-A42C-9EDF02ADDC99} = {13FA5E38-A8C5-4460-A42C-9EDF02ADDC99}
		{A3F44DCA-9256-418F-9ABA-B5590A483E0C} = {A3F44DCA-9256-418F-9ABA-B5590A483E0C}
		{49A3D6FE-A329-4D6C-A4A5-3D8C0D9E4065} = {49A3D6FE-A329-4D6C-A4A5-3D8C0D9E4065}
		{10D9F18E-40D7-468C-86B2-9EEFD2138DDB} = {10D9F18E-40D7-468C-86B2-9EEFD2138DDB}
		{87637C8F-C687-4E8E-8858-C025D0B96168} = {87637C8F-C687-4E8E-8858-C025D0B96168}
		{9DDBE659-6F67-443D-A141-0E203DDE608E} = {9DDBE659-6F67-443D-A141-0E203DDE608E}
	EndProjectSection
EndProject
Project("{8BC9CEB8-8B4A-11D0-8D11-00A0C91BC942}") = "LIB - AgogCore", "Libs\AgogCore\AgogCore.vcxproj", "{A3F44DCA-9256-418F-9ABA-B5590A483E0C}"
EndProject
Project("{8BC9CEB8-8B4A-11D0-8D11-00A0C91BC942}") = "LIB - AgogGUI", "Libs\AgogGUI\AgogGUI.vcxproj", "{49A3D6FE-A329-4D6C-A4A5-3D8C0D9E4065}"
EndProject
Project("{8BC9CEB8-8B4A-11D0-8D11-00A0C91BC942}") = "LIB - AgogGUI_OS", "Libs\AgogGUI_OS\AgogGUI_OS.vcxproj", "{10D9F18E-40D7-468C-86B2-9EEFD2138DDB}"
EndProject
Project("{8BC9CEB8-8B4A-11D0-8D11-00A0C91BC942}") = "LIB - AgogIO", "Libs\AgogIO\AgogIO.vcxproj", "{87637C8F-C687-4E8E-8858-C025D0B96168}"
EndProject
Project("{8BC9CEB8-8B4A-11D0-8D11-00A0C91BC942}") = "LIB - SkookumScript", "Libs\SkookumScript\SkookumScript.vcxproj", "{13FA5E38-A8C5-4460-A42C-9EDF02ADDC99}"
EndProject
Project("{8BC9CEB8-8B4A-11D0-8D11-00A0C91BC942}") = "LIB - SkookumIDE", "Libs\SkookumIDE\SkookumIDE.vcxproj", "{9DDBE659-6F67-443D-A141-0E203DDE608E}"
EndProject
Global
	GlobalSection(SolutionConfigurationPlatforms) = preSolution
		IDE-Coder|x64 = IDE-Coder|x64
		IDE-Coder|x86 = IDE-Coder|x86
		IDE-Dev|x64 = IDE-Dev|x64
		IDE-Dev|x86 = IDE-Dev|x86
		IDE-User|x64 = IDE-User|x64
		IDE-User|x86 = IDE-User|x86
	EndGlobalSection
	GlobalSection(ProjectConfigurationPlatforms) = postSolution
		{5676D99C-9880-435F-9527-A8DE57D213D4}.IDE-Coder|x64.ActiveCfg = Coder|x64
		{5676D99C-9880-435F-9527-A8DE57D213D4}.IDE-Coder|x64.Build.0 = Coder|x64
		{5676D99C-9880-435F-9527-A8DE57D213D4}.IDE-Coder|x86.ActiveCfg = Coder|Win32
		{5676D99C-9880-435F-9527-A8DE57D213D4}.IDE-Coder|x86.Build.0 = Coder|Win32
		{5676D99C-9880-435F-9527-A8DE57D213D4}.IDE-Dev|x64.ActiveCfg = Dev|x64
		{5676D99C-9880-435F-9527-A8DE57D213D4}.IDE-Dev|x64.Build.0 = Dev|x64
		{5676D99C-9880-435F-9527-A8DE57D213D4}.IDE-Dev|x86.ActiveCfg = Dev|Win32
		{5676D99C-9880-435F-9527-A8DE57D213D4}.IDE-Dev|x86.Build.0 = Dev|Win32
		{5676D99C-9880-435F-9527-A8DE57D213D4}.IDE-User|x64.ActiveCfg = User|x64
		{5676D99C-9880-435F-9527-A8DE57D213D4}.IDE-User|x64.Build.0 = User|x64
		{5676D99C-9880-435F-9527-A8DE57D213D4}.IDE-User|x86.ActiveCfg = User|Win32
		{5676D99C-9880-435F-9527-A8DE57D213D4}.IDE-User|x86.Build.0 = User|Win32
		{A3F44DCA-9256-418F-9ABA-B5590A483E0C}.IDE-Coder|x64.ActiveCfg = Coder|x64
		{A3F44DCA-9256-418F-9ABA-B5590A483E0C}.IDE-Coder|x64.Build.0 = Coder|x64
		{A3F44DCA-9256-418F-9ABA-B5590A483E0C}.IDE-Coder|x86.ActiveCfg = Coder|Win32
		{A3F44DCA-9256-418F-9ABA-B5590A483E0C}.IDE-Coder|x86.Build.0 = Coder|Win32
		{A3F44DCA-9256-418F-9ABA-B5590A483E0C}.IDE-Dev|x64.ActiveCfg = Dev|x64
		{A3F44DCA-9256-418F-9ABA-B5590A483E0C}.IDE-Dev|x64.Build.0 = Dev|x64
		{A3F44DCA-9256-418F-9ABA-B5590A483E0C}.IDE-Dev|x86.ActiveCfg = Dev|Win32
		{A3F44DCA-9256-418F-9ABA-B5590A483E0C}.IDE-Dev|x86.Build.0 = Dev|Win32
		{A3F44DCA-9256-418F-9ABA-B5590A483E0C}.IDE-User|x64.ActiveCfg = User|x64
		{A3F44DCA-9256-418F-9ABA-B5590A483E0C}.IDE-User|x64.Build.0 = User|x64
		{A3F44DCA-9256-418F-9ABA-B5590A483E0C}.IDE-User|x86.ActiveCfg = User|Win32
		{A3F44DCA-9256-418F-9ABA-B5590A483E0C}.IDE-User|x86.Build.0 = User|Win32
		{49A3D6FE-A329-4D6C-A4A5-3D8C0D9E4065}.IDE-Coder|x64.ActiveCfg = Coder|x64
		{49A3D6FE-A329-4D6C-A4A5-3D8C0D9E4065}.IDE-Coder|x64.Build.0 = Coder|x64
		{49A3D6FE-A329-4D6C-A4A5-3D8C0D9E4065}.IDE-Coder|x86.ActiveCfg = Coder|Win32
		{49A3D6FE-A329-4D6C-A4A5-3D8C0D9E4065}.IDE-Coder|x86.Build.0 = Coder|Win32
		{49A3D6FE-A329-4D6C-A4A5-3D8C0D9E4065}.IDE-Dev|x64.ActiveCfg = Dev|x64
		{49A3D6FE-A329-4D6C-A4A5-3D8C0D9E4065}.IDE-Dev|x64.Build.0 = Dev|x64
		{49A3D6FE-A329-4D6C-A4A5-3D8C0D9E4065}.IDE-Dev|x86.ActiveCfg = Dev|Win32
		{49A3D6FE-A329-4D6C-A4A5-3D8C0D9E4065}.IDE-Dev|x86.Build.0 = Dev|Win32
		{49A3D6FE-A329-4D6C-A4A5-3D8C0D9E4065}.IDE-User|x64.ActiveCfg = User|x64
		{49A3D6FE-A329-4D6C-A4A5-3D8C0D9E4065}.IDE-User|x64.Build.0 = User|x64
		{49A3D6FE-A329-4D6C-A4A5-3D8C0D9E4065}.IDE-User|x86.ActiveCfg = User|Win32
		{49A3D6FE-A329-4D6C-A4A5-3D8C0D9E4065}.IDE-User|x86.Build.0 = User|Win32
		{10D9F18E-40D7-468C-86B2-9EEFD2138DDB}.IDE-Coder|x64.ActiveCfg = Coder|x64
		{10D9F18E-40D7-468C-86B2-9EEFD2138DDB}.IDE-Coder|x64.Build.0 = Coder|x64
		{10D9F18E-40D7-468C-86B2-9EEFD2138DDB}.IDE-Coder|x86.ActiveCfg = Coder|Win32
		{10D9F18E-40D7-468C-86B2-9EEFD2138DDB}.IDE-Coder|x86.Build.0 = Coder|Win32
		{10D9F18E-40D7-468C-86B2-9EEFD2138DDB}.IDE-Dev|x64.ActiveCfg = Dev|x64
		{10D9F18E-40D7-468C-86B2-9EEFD2138DDB}.IDE-Dev|x64.Build.0 = Dev|x64
		{10D9F18E-40D7-468C-86B2-9EEFD2138DDB}.IDE-Dev|x86.ActiveCfg = Dev|Win32
		{10D9F18E-40D7-468C-86B2-9EEFD2138DDB}.IDE-Dev|x86.Build.0 = Dev|Win32
		{10D9F18E-40D7-468C-86B2-9EEFD2138DDB}.IDE-User|x64.ActiveCfg = User|x64
		{10D9F18E-40D7-468C-86B2-9EEFD2138DDB}.IDE-User|x64.Build.0 = User|x64
		{10D9F18E-40D7-468C-86B2-9EEFD2138DDB}.IDE-User|x86.ActiveCfg = User|Win32
		{10D9F18E-40D7-468C-86B2-9EEFD2138DDB}.IDE-User|x86.Build.0 = User|Win32
		{87637C8F-C687-4E8E-8858-C025D0B96168}.IDE-Coder|x64.ActiveCfg = Coder|x64
		{87637C8F-C687-4E8E-8858-C025D0B96168}.IDE-Coder|x64.Build.0 = Coder|x64
		{87637C8F-C687-4E8E-8858-C025D0B96168}.IDE-Coder|x86.ActiveCfg = Coder|Win32
		{87637C8F-C687-4E8E-8858-C025D0B96168}.IDE-Coder|x86.Build.0 = Coder|Win32
		{87637C8F-C687-4E8E-8858-C025D0B96168}.IDE-Dev|x64.ActiveCfg = Dev|x64
		{87637C8F-C687-4E8E-8858-C025D0B96168}.IDE-Dev|x64.Build.0 = Dev|x64
		{87637C8F-C687-4E8E-8858-C025D0B96168}.IDE-Dev|x86.ActiveCfg = Dev|Win32
		{87637C8F-C687-4E8E-8858-C025D0B96168}.IDE-Dev|x86.Build.0 = Dev|Win32
		{87637C8F-C687-4E8E-8858-C025D0B96168}.IDE-User|x64.ActiveCfg = User|x64
		{87637C8F-C687-4E8E-8858-C025D0B96168}.IDE-User|x64.Build.0 = User|x64
		{87637C8F-C687-4E8E-8858-C025D0B96168}.IDE-User|x86.ActiveCfg = User|Win32
		{87637C8F-C687-4E8E-8858-C025D0B96168}.IDE-User|x86.Build.0 = User|Win32
		{13FA5E38-A8C5-4460-A42C-9EDF02ADDC99}.IDE-Coder|x64.ActiveCfg = Coder|x64
		{13FA5E38-A8C5-4460-A42C-9EDF02ADDC99}.IDE-Coder|x64.Build.0 = Coder|x64
		{13FA5E38-A8C5-4460-A42C-9EDF02ADDC99}.IDE-Coder|x86.ActiveCfg = Coder|Win32
		{13FA5E38-A8C5-4460-A42C-9EDF02ADDC99}.IDE-Coder|x86.Build.0 = Coder|Win32
		{13FA5E38-A8C5-4460-A42C-9EDF02ADDC99}.IDE-Dev|x64.ActiveCfg = Dev|x64
		{13FA5E38-A8C5-4460-A42C-9EDF02ADDC99}.IDE-Dev|x64.Build.0 = Dev|x64
		{13FA5E38-A8C5-4460-A42C-9EDF02ADDC99}.IDE-Dev|x86.ActiveCfg = Dev|Win32
		{13FA5E38-A8C5-4460-A42C-9EDF02ADDC99}.IDE-Dev|x86.Build.0 = Dev|Win32
		{13FA5E38-A8C5-4460-A42C-9EDF02ADDC99}.IDE-User|x64.ActiveCfg = User|x64
		{13FA5E38-A8C5-4460-A42C-9EDF02ADDC99}.IDE-User|x64.Build.0 = User|x64
		{13FA5E38-A8C5-4460-A42C-9EDF02ADDC99}.IDE-User|x86.ActiveCfg = User|Win32
		{13FA5E38-A8C5-4460-A42C-9EDF02ADDC99}.IDE-User|x86.Build.0 = User|Win32
		{9DDBE659-6F67-443D-A141-0E203DDE608E}.IDE-Coder|x64.ActiveCfg = Coder|x64
		{9DDBE659-6F67-443D-A141-0E203DDE608E}.IDE-Coder|x64.Build.0 = Coder|x64
		{9DDBE659-6F67-443D-A141-0E203DDE608E}.IDE-Coder|x86.ActiveCfg = Coder|Win32
		{9DDBE659-6F67-443D-A141-0E203DDE608E}.IDE-Coder|x86.Build.0 = Coder|Win32
		{9DDBE659-6F67-443D-A141-0E203DDE608E}.IDE-Dev|x64.ActiveCfg = Dev|x64
		{9DDBE659-6F67-443D-A141-0E203DDE608E}.IDE-Dev|x64.Build.0 = Dev|x64
		{9DDBE659-6F67-443D-A141-0E203DDE608E}.IDE-Dev|x86.ActiveCfg = Dev|Win32
		{9DDBE659-6F67-443D-A141-0E203DDE608E}.IDE-Dev|x86.Build.0 = Dev|Win32
		{9DDBE659-6F67-443D-A141-0E203DDE608E}.IDE-User|x64.ActiveCfg = User|x64
		{9DDBE659-6F67-443D-A141-0E203DDE608E}.IDE-User|x64.Build.0 = User|x64
		{9DDBE659-6F67-443D-A141-0E203DDE608E}.IDE-User|x86.ActiveCfg = User|Win32
		{9DDBE659-6F67-443D-A141-0E203DDE608E}.IDE-User|x86.Build.0 = User|Win32
	EndGlobalSection
	GlobalSection(SolutionProperties) = preSolution
		HideSolutionNode = FALSE
	EndGlobalSection
	GlobalSection(ExtensibilityGlobals) = postSolution
		SolutionGuid = {B0DA474D-F550-43A0-BB9F-F92E4C7B6143}
	EndGlobalSection
EndGlobal
